
Microsoft Visual Studio Solution File, Format Version 12.00
# Visual Studio Version 16
VisualStudioVersion = 16.0.30907.101
MinimumVisualStudioVersion = 10.0.40219.1
Project("{9A19103F-16F7-4668-BE54-9A1E7A4F7556}") = "NumLit", "NumLit\NumLit.csproj", "{D02115F6-71FB-4BB0-B51D-1447183F7DD7}"
EndProject
Project("{FAE04EC0-301F-11D3-BF4B-00C04F79EFBC}") = "NUnitTestNumLit", "NUnitTestNumLit\NUnitTestNumLit.csproj", "{35014F3D-F87D-4414-B496-512FB123FB5E}"
EndProject
Global
	GlobalSection(SolutionConfigurationPlatforms) = preSolution
		Debug|Any CPU = Debug|Any CPU
		Release|Any CPU = Release|Any CPU
	EndGlobalSection
	GlobalSection(ProjectConfigurationPlatforms) = postSolution
		{D02115F6-71FB-4BB0-B51D-1447183F7DD7}.Debug|Any CPU.ActiveCfg = Debug|Any CPU
		{D02115F6-71FB-4BB0-B51D-1447183F7DD7}.Debug|Any CPU.Build.0 = Debug|Any CPU
		{D02115F6-71FB-4BB0-B51D-1447183F7DD7}.Release|Any CPU.ActiveCfg = Release|Any CPU
		{D02115F6-71FB-4BB0-B51D-1447183F7DD7}.Release|Any CPU.Build.0 = Release|Any CPU
		{35014F3D-F87D-4414-B496-512FB123FB5E}.Debug|Any CPU.ActiveCfg = Debug|Any CPU
		{35014F3D-F87D-4414-B496-512FB123FB5E}.Debug|Any CPU.Build.0 = Debug|Any CPU
		{35014F3D-F87D-4414-B496-512FB123FB5E}.Release|Any CPU.ActiveCfg = Release|Any CPU
		{35014F3D-F87D-4414-B496-512FB123FB5E}.Release|Any CPU.Build.0 = Release|Any CPU
	EndGlobalSection
	GlobalSection(SolutionProperties) = preSolution
		HideSolutionNode = FALSE
	EndGlobalSection
	GlobalSection(ExtensibilityGlobals) = postSolution
		SolutionGuid = {AD1C9441-91C2-4724-988B-030CA5F44A19}
	EndGlobalSection
EndGlobal
